{
  "name": "webmamnon-main",
  "lockfileVersion": 3,
  "requires": true,
  "packages": {
    "": {
      "dependencies": {
        "tinymce": "^8.0.1"
      }
    },
    "node_modules/tinymce": {
      "version": "8.0.1",
      "resolved": "https://registry.npmjs.org/tinymce/-/tinymce-8.0.1.tgz",
      "integrity": "sha512-KQ/+KaWmkIzSkNCYmqhXD2mftt+EEhz1bd1QCVopa2DNkoJ/rYFXhMnYGg1gVcRQa43xkmmv0Jj0ph+05VY0hQ==",
      "license": "GPL-2.0-or-later"
    }
  }
}
